<?xml version="1.0" encoding="utf-8"?>
<Project ToolsVersion="4.0" xmlns="http://schemas.microsoft.com/developer/msbuild/2003">
  <ItemGroup>
    <Filter Include="Source Files">
      <UniqueIdentifier>{4FC737F1-C7A5-4376-A066-2A32D752A2FF}</UniqueIdentifier>
      <Extensions>cpp;c;cc;cxx;def;odl;idl;hpj;bat;asm;asmx</Extensions>
    </Filter>
    <Filter Include="Header Files">
      <UniqueIdentifier>{93995380-89BD-4b04-88EB-625FBE52EBFB}</UniqueIdentifier>
      <Extensions>h;hh;hpp;hxx;hm;inl;inc;xsd</Extensions>
    </Filter>
    <Filter Include="Resource Files">
      <UniqueIdentifier>{67DA6AB6-F800-4c08-8B7A-83BB121AAD01}</UniqueIdentifier>
      <Extensions>rc;ico;cur;bmp;dlg;rc2;rct;bin;rgs;gif;jpg;jpeg;jpe;resx;tiff;tif;png;wav;mfcribbon-ms</Extensions>
    </Filter>
    <Filter Include="Header Files\Elements">
      <UniqueIdentifier>{c2466605-33d5-4f73-876c-a45809d2f210}</UniqueIdentifier>
    </Filter>
    <Filter Include="Source Files\Elements">
      <UniqueIdentifier>{f59282bf-595e-4967-8f46-9647622f4462}</UniqueIdentifier>
    </Filter>
    <Filter Include="Header Files\Visitor">
      <UniqueIdentifier>{afc61e8a-8f1b-4b5e-a9f6-da70acf9b2c5}</UniqueIdentifier>
    </Filter>
    <Filter Include="Source Files\Visitor">
      <UniqueIdentifier>{574807cd-1bce-47a1-94e7-93e8f6d4a2c6}</UniqueIdentifier>
    </Filter>
  </ItemGroup>
  <ItemGroup>
    <ClCompile Include="main.cpp">
      <Filter>Source Files</Filter>
    </ClCompile>
    <ClCompile Include="Red.cpp">
      <Filter>Source Files\Elements</Filter>
    </ClCompile>
    <ClCompile Include="CountVisitor.cpp">
      <Filter>Source Files\Visitor</Filter>
    </ClCompile>
    <ClCompile Include="Blu.cpp">
      <Filter>Source Files\Elements</Filter>
    </ClCompile>
    <ClCompile Include="CallVisitor.cpp">
      <Filter>Source Files\Visitor</Filter>
    </ClCompile>
  </ItemGroup>
  <ItemGroup>
    <ClInclude Include="Color.h">
      <Filter>Header Files\Elements</Filter>
    </ClInclude>
    <ClInclude Include="Red.h">
      <Filter>Header Files\Elements</Filter>
    </ClInclude>
    <ClInclude Include="Visitor.h">
      <Filter>Header Files\Visitor</Filter>
    </ClInclude>
    <ClInclude Include="CountVisitor.h">
      <Filter>Header Files\Visitor</Filter>
    </ClInclude>
    <ClInclude Include="Blu.h">
      <Filter>Header Files\Elements</Filter>
    </ClInclude>
    <ClInclude Include="CallVisitor.h">
      <Filter>Header Files\Visitor</Filter>
    </ClInclude>
  </ItemGroup>
</Project>